
Microsoft Visual Studio Solution File, Format Version 12.00
# Visual Studio 2012
Project("{FAE04EC0-301F-11D3-BF4B-00C04F79EFBC}") = "ColSortCSh", "CollSortCSh\ColSortCSh.csproj", "{FEAE07A3-A4DD-4668-B3F8-97F37E7E292D}"
EndProject
Global
	GlobalSection(SolutionConfigurationPlatforms) = preSolution
		Debug|Any CPU = Debug|Any CPU
		Release|Any CPU = Release|Any CPU
	EndGlobalSection
	GlobalSection(ProjectConfigurationPlatforms) = postSolution
		{FEAE07A3-A4DD-4668-B3F8-97F37E7E292D}.Debug|Any CPU.ActiveCfg = Debug|Any CPU
		{FEAE07A3-A4DD-4668-B3F8-97F37E7E292D}.Debug|Any CPU.Build.0 = Debug|Any CPU
		{FEAE07A3-A4DD-4668-B3F8-97F37E7E292D}.Release|Any CPU.ActiveCfg = Release|Any CPU
		{FEAE07A3-A4DD-4668-B3F8-97F37E7E292D}.Release|Any CPU.Build.0 = Release|Any CPU
	EndGlobalSection
	GlobalSection(SolutionProperties) = preSolution
		HideSolutionNode = FALSE
	EndGlobalSection
EndGlobal
