
Microsoft Visual Studio Solution File, Format Version 12.00
# Visual Studio 2012
Project("{FAE04EC0-301F-11D3-BF4B-00C04F79EFBC}") = "ArrayZeroElementsCount", "ArrayZeroElementsCount\ArrayZeroElementsCount.csproj", "{EA431385-90D0-41A1-AEE0-99437E941EA4}"
EndProject
Project("{FAE04EC0-301F-11D3-BF4B-00C04F79EFBC}") = "ArrayZeroElementsCount.Tests", "ArrayZeroElementsCount.Tests\ArrayZeroElementsCount.Tests.csproj", "{1FE4811A-32A9-4DFE-A16C-E8DBCE50CD3B}"
EndProject
Global
	GlobalSection(SolutionConfigurationPlatforms) = preSolution
		Debug|Any CPU = Debug|Any CPU
		Release|Any CPU = Release|Any CPU
	EndGlobalSection
	GlobalSection(ProjectConfigurationPlatforms) = postSolution
		{EA431385-90D0-41A1-AEE0-99437E941EA4}.Debug|Any CPU.ActiveCfg = Debug|Any CPU
		{EA431385-90D0-41A1-AEE0-99437E941EA4}.Debug|Any CPU.Build.0 = Debug|Any CPU
		{EA431385-90D0-41A1-AEE0-99437E941EA4}.Release|Any CPU.ActiveCfg = Release|Any CPU
		{EA431385-90D0-41A1-AEE0-99437E941EA4}.Release|Any CPU.Build.0 = Release|Any CPU
		{1FE4811A-32A9-4DFE-A16C-E8DBCE50CD3B}.Debug|Any CPU.ActiveCfg = Debug|Any CPU
		{1FE4811A-32A9-4DFE-A16C-E8DBCE50CD3B}.Debug|Any CPU.Build.0 = Debug|Any CPU
		{1FE4811A-32A9-4DFE-A16C-E8DBCE50CD3B}.Release|Any CPU.ActiveCfg = Release|Any CPU
		{1FE4811A-32A9-4DFE-A16C-E8DBCE50CD3B}.Release|Any CPU.Build.0 = Release|Any CPU
	EndGlobalSection
	GlobalSection(SolutionProperties) = preSolution
		HideSolutionNode = FALSE
	EndGlobalSection
EndGlobal
