
Microsoft Visual Studio Solution File, Format Version 12.00
# Visual Studio 2012
Project("{FAE04EC0-301F-11D3-BF4B-00C04F79EFBC}") = "BinaryTreeWithIterator", "BinaryTreeWithIterator\BinaryTreeWithIterator.csproj", "{0D402F95-D543-40B7-A74A-F43D08DF7721}"
EndProject
Project("{FAE04EC0-301F-11D3-BF4B-00C04F79EFBC}") = "BinaryTreeWithIterator.Tests", "BinaryTreeWithIterator.Tests\BinaryTreeWithIterator.Tests.csproj", "{B35E6248-5167-48A0-B133-5F16402C12F5}"
EndProject
Global
	GlobalSection(SolutionConfigurationPlatforms) = preSolution
		Debug|Any CPU = Debug|Any CPU
		Release|Any CPU = Release|Any CPU
	EndGlobalSection
	GlobalSection(ProjectConfigurationPlatforms) = postSolution
		{0D402F95-D543-40B7-A74A-F43D08DF7721}.Debug|Any CPU.ActiveCfg = Debug|Any CPU
		{0D402F95-D543-40B7-A74A-F43D08DF7721}.Debug|Any CPU.Build.0 = Debug|Any CPU
		{0D402F95-D543-40B7-A74A-F43D08DF7721}.Release|Any CPU.ActiveCfg = Release|Any CPU
		{0D402F95-D543-40B7-A74A-F43D08DF7721}.Release|Any CPU.Build.0 = Release|Any CPU
		{B35E6248-5167-48A0-B133-5F16402C12F5}.Debug|Any CPU.ActiveCfg = Debug|Any CPU
		{B35E6248-5167-48A0-B133-5F16402C12F5}.Debug|Any CPU.Build.0 = Debug|Any CPU
		{B35E6248-5167-48A0-B133-5F16402C12F5}.Release|Any CPU.ActiveCfg = Release|Any CPU
		{B35E6248-5167-48A0-B133-5F16402C12F5}.Release|Any CPU.Build.0 = Release|Any CPU
	EndGlobalSection
	GlobalSection(SolutionProperties) = preSolution
		HideSolutionNode = FALSE
	EndGlobalSection
EndGlobal
