
Microsoft Visual Studio Solution File, Format Version 12.00
# Visual Studio 2012
Project("{FAE04EC0-301F-11D3-BF4B-00C04F79EFBC}") = "RobotsTeleport", "RobotsTeleport\RobotsTeleport.csproj", "{AE78A716-2C9D-4EA5-AFD6-F502EAAF9FCB}"
EndProject
Project("{FAE04EC0-301F-11D3-BF4B-00C04F79EFBC}") = "RobotsTeleport.Tests", "RobotsTeleport.Tests\RobotsTeleport.Tests.csproj", "{20F7543C-95CD-4F0C-9E95-B8FB49C435A8}"
EndProject
Global
	GlobalSection(SolutionConfigurationPlatforms) = preSolution
		Debug|Any CPU = Debug|Any CPU
		Release|Any CPU = Release|Any CPU
	EndGlobalSection
	GlobalSection(ProjectConfigurationPlatforms) = postSolution
		{AE78A716-2C9D-4EA5-AFD6-F502EAAF9FCB}.Debug|Any CPU.ActiveCfg = Debug|Any CPU
		{AE78A716-2C9D-4EA5-AFD6-F502EAAF9FCB}.Debug|Any CPU.Build.0 = Debug|Any CPU
		{AE78A716-2C9D-4EA5-AFD6-F502EAAF9FCB}.Release|Any CPU.ActiveCfg = Release|Any CPU
		{AE78A716-2C9D-4EA5-AFD6-F502EAAF9FCB}.Release|Any CPU.Build.0 = Release|Any CPU
		{20F7543C-95CD-4F0C-9E95-B8FB49C435A8}.Debug|Any CPU.ActiveCfg = Debug|Any CPU
		{20F7543C-95CD-4F0C-9E95-B8FB49C435A8}.Debug|Any CPU.Build.0 = Debug|Any CPU
		{20F7543C-95CD-4F0C-9E95-B8FB49C435A8}.Release|Any CPU.ActiveCfg = Release|Any CPU
		{20F7543C-95CD-4F0C-9E95-B8FB49C435A8}.Release|Any CPU.Build.0 = Release|Any CPU
	EndGlobalSection
	GlobalSection(SolutionProperties) = preSolution
		HideSolutionNode = FALSE
	EndGlobalSection
EndGlobal
