
Microsoft Visual Studio Solution File, Format Version 12.00
# Visual Studio 2012
Project("{FAE04EC0-301F-11D3-BF4B-00C04F79EFBC}") = "StackCSh", "StackCSh\StackCSh.csproj", "{BB24A106-1127-4B2E-A454-FA8342476A25}"
EndProject
Project("{FAE04EC0-301F-11D3-BF4B-00C04F79EFBC}") = "StackCSh.Tests", "StackCSh.Tests\StackCSh.Tests.csproj", "{240B6C31-58AB-4B78-93E8-4EC71E2BF875}"
EndProject
Global
	GlobalSection(SolutionConfigurationPlatforms) = preSolution
		Debug|Any CPU = Debug|Any CPU
		Release|Any CPU = Release|Any CPU
	EndGlobalSection
	GlobalSection(ProjectConfigurationPlatforms) = postSolution
		{BB24A106-1127-4B2E-A454-FA8342476A25}.Debug|Any CPU.ActiveCfg = Debug|Any CPU
		{BB24A106-1127-4B2E-A454-FA8342476A25}.Debug|Any CPU.Build.0 = Debug|Any CPU
		{BB24A106-1127-4B2E-A454-FA8342476A25}.Release|Any CPU.ActiveCfg = Release|Any CPU
		{BB24A106-1127-4B2E-A454-FA8342476A25}.Release|Any CPU.Build.0 = Release|Any CPU
		{240B6C31-58AB-4B78-93E8-4EC71E2BF875}.Debug|Any CPU.ActiveCfg = Debug|Any CPU
		{240B6C31-58AB-4B78-93E8-4EC71E2BF875}.Debug|Any CPU.Build.0 = Debug|Any CPU
		{240B6C31-58AB-4B78-93E8-4EC71E2BF875}.Release|Any CPU.ActiveCfg = Release|Any CPU
		{240B6C31-58AB-4B78-93E8-4EC71E2BF875}.Release|Any CPU.Build.0 = Release|Any CPU
	EndGlobalSection
	GlobalSection(SolutionProperties) = preSolution
		HideSolutionNode = FALSE
	EndGlobalSection
EndGlobal
